
Microsoft Visual Studio Solution File, Format Version 12.00
# Visual Studio Version 17
VisualStudioVersion = 17.4.33110.190
MinimumVisualStudioVersion = 10.0.40219.1
Project("{2150E333-8FDC-42A3-9474-1A3956D46DE8}") = "01-Presentation", "01-Presentation", "{86886F15-9B87-4CF4-A8A4-532723A6D957}"
EndProject
Project("{2150E333-8FDC-42A3-9474-1A3956D46DE8}") = "02-Application", "02-Application", "{DC4CFB32-214A-45C4-9869-AAE24F58B426}"
EndProject
Project("{2150E333-8FDC-42A3-9474-1A3956D46DE8}") = "03-Domain", "03-Domain", "{28889D3D-8D7A-4BA5-821C-4E80422F4639}"
EndProject
Project("{2150E333-8FDC-42A3-9474-1A3956D46DE8}") = "04-Infra", "04-Infra", "{9FAEA8CA-D5D0-4818-B24D-80FA18E8449A}"
EndProject
Project("{2150E333-8FDC-42A3-9474-1A3956D46DE8}") = "4.1-CrossCutting", "4.1-CrossCutting", "{32B605AE-8F84-43A4-A775-648C89CADE95}"
EndProject
Project("{2150E333-8FDC-42A3-9474-1A3956D46DE8}") = "4.2-Data", "4.2-Data", "{54B6C37A-615C-4BB6-8508-16A9CE6B1562}"
EndProject
Project("{2150E333-8FDC-42A3-9474-1A3956D46DE8}") = "ControllerHandler", "ControllerHandler", "{91B57EFD-AB99-436B-A453-5A9428BD9801}"
EndProject
Project("{2150E333-8FDC-42A3-9474-1A3956D46DE8}") = "IoC", "IoC", "{758C89ED-6F5D-48A2-A951-E3E9254B59DE}"
EndProject
Project("{9A19103F-16F7-4668-BE54-9A1E7A4F7556}") = "ddd.Api", "01-Presentation\ddd.Api.csproj", "{2BC92B43-6685-4AB7-B7DE-0C42F1C881E3}"
EndProject
Project("{9A19103F-16F7-4668-BE54-9A1E7A4F7556}") = "ddd.Application", "02-Application\ddd.Application.csproj", "{D8FBFD74-080D-4E0A-B784-1C36F89D9FCB}"
EndProject
Project("{9A19103F-16F7-4668-BE54-9A1E7A4F7556}") = "ddd.Domain", "03-Domain\ddd.Domain.csproj", "{A75D394C-D645-4CE1-98F3-5C72BB35D90A}"
EndProject
Project("{9A19103F-16F7-4668-BE54-9A1E7A4F7556}") = "ddd.ControllerHandler", "04-Infra\4.1-CrossCutting\ControllerHandler\ddd.ControllerHandler.csproj", "{31D67924-D82F-4697-A936-AC95ED3E2EC4}"
EndProject
Project("{9A19103F-16F7-4668-BE54-9A1E7A4F7556}") = "ddd.IoC", "04-Infra\4.1-CrossCutting\IoC\ddd.IoC.csproj", "{9329AF5C-D36D-4E05-921D-39FB2BAFE547}"
EndProject
Project("{9A19103F-16F7-4668-BE54-9A1E7A4F7556}") = "ddd.Data", "04-Infra\4.2-Data\ddd.Data.csproj", "{7663DAEE-0061-429C-924D-0EAAEB6F1D94}"
EndProject
Project("{2150E333-8FDC-42A3-9474-1A3956D46DE8}") = "05-Tests", "05-Tests", "{976AC836-6421-4654-A609-A68AD785EA20}"
EndProject
Project("{9A19103F-16F7-4668-BE54-9A1E7A4F7556}") = "ddd.Tests", "05-Tests\ddd.Tests.csproj", "{2305933F-4779-40BB-AF51-D467C54A7208}"
EndProject
Global
	GlobalSection(SolutionConfigurationPlatforms) = preSolution
		Debug|Any CPU = Debug|Any CPU
		Release|Any CPU = Release|Any CPU
	EndGlobalSection
	GlobalSection(ProjectConfigurationPlatforms) = postSolution
		{2BC92B43-6685-4AB7-B7DE-0C42F1C881E3}.Debug|Any CPU.ActiveCfg = Debug|Any CPU
		{2BC92B43-6685-4AB7-B7DE-0C42F1C881E3}.Debug|Any CPU.Build.0 = Debug|Any CPU
		{2BC92B43-6685-4AB7-B7DE-0C42F1C881E3}.Release|Any CPU.ActiveCfg = Release|Any CPU
		{2BC92B43-6685-4AB7-B7DE-0C42F1C881E3}.Release|Any CPU.Build.0 = Release|Any CPU
		{D8FBFD74-080D-4E0A-B784-1C36F89D9FCB}.Debug|Any CPU.ActiveCfg = Debug|Any CPU
		{D8FBFD74-080D-4E0A-B784-1C36F89D9FCB}.Debug|Any CPU.Build.0 = Debug|Any CPU
		{D8FBFD74-080D-4E0A-B784-1C36F89D9FCB}.Release|Any CPU.ActiveCfg = Release|Any CPU
		{D8FBFD74-080D-4E0A-B784-1C36F89D9FCB}.Release|Any CPU.Build.0 = Release|Any CPU
		{A75D394C-D645-4CE1-98F3-5C72BB35D90A}.Debug|Any CPU.ActiveCfg = Debug|Any CPU
		{A75D394C-D645-4CE1-98F3-5C72BB35D90A}.Debug|Any CPU.Build.0 = Debug|Any CPU
		{A75D394C-D645-4CE1-98F3-5C72BB35D90A}.Release|Any CPU.ActiveCfg = Release|Any CPU
		{A75D394C-D645-4CE1-98F3-5C72BB35D90A}.Release|Any CPU.Build.0 = Release|Any CPU
		{31D67924-D82F-4697-A936-AC95ED3E2EC4}.Debug|Any CPU.ActiveCfg = Debug|Any CPU
		{31D67924-D82F-4697-A936-AC95ED3E2EC4}.Debug|Any CPU.Build.0 = Debug|Any CPU
		{31D67924-D82F-4697-A936-AC95ED3E2EC4}.Release|Any CPU.ActiveCfg = Release|Any CPU
		{31D67924-D82F-4697-A936-AC95ED3E2EC4}.Release|Any CPU.Build.0 = Release|Any CPU
		{9329AF5C-D36D-4E05-921D-39FB2BAFE547}.Debug|Any CPU.ActiveCfg = Debug|Any CPU
		{9329AF5C-D36D-4E05-921D-39FB2BAFE547}.Debug|Any CPU.Build.0 = Debug|Any CPU
		{9329AF5C-D36D-4E05-921D-39FB2BAFE547}.Release|Any CPU.ActiveCfg = Release|Any CPU
		{9329AF5C-D36D-4E05-921D-39FB2BAFE547}.Release|Any CPU.Build.0 = Release|Any CPU
		{7663DAEE-0061-429C-924D-0EAAEB6F1D94}.Debug|Any CPU.ActiveCfg = Debug|Any CPU
		{7663DAEE-0061-429C-924D-0EAAEB6F1D94}.Debug|Any CPU.Build.0 = Debug|Any CPU
		{7663DAEE-0061-429C-924D-0EAAEB6F1D94}.Release|Any CPU.ActiveCfg = Release|Any CPU
		{7663DAEE-0061-429C-924D-0EAAEB6F1D94}.Release|Any CPU.Build.0 = Release|Any CPU
		{2305933F-4779-40BB-AF51-D467C54A7208}.Debug|Any CPU.ActiveCfg = Debug|Any CPU
		{2305933F-4779-40BB-AF51-D467C54A7208}.Debug|Any CPU.Build.0 = Debug|Any CPU
		{2305933F-4779-40BB-AF51-D467C54A7208}.Release|Any CPU.ActiveCfg = Release|Any CPU
		{2305933F-4779-40BB-AF51-D467C54A7208}.Release|Any CPU.Build.0 = Release|Any CPU
	EndGlobalSection
	GlobalSection(SolutionProperties) = preSolution
		HideSolutionNode = FALSE
	EndGlobalSection
	GlobalSection(NestedProjects) = preSolution
		{32B605AE-8F84-43A4-A775-648C89CADE95} = {9FAEA8CA-D5D0-4818-B24D-80FA18E8449A}
		{54B6C37A-615C-4BB6-8508-16A9CE6B1562} = {9FAEA8CA-D5D0-4818-B24D-80FA18E8449A}
		{91B57EFD-AB99-436B-A453-5A9428BD9801} = {32B605AE-8F84-43A4-A775-648C89CADE95}
		{758C89ED-6F5D-48A2-A951-E3E9254B59DE} = {32B605AE-8F84-43A4-A775-648C89CADE95}
		{2BC92B43-6685-4AB7-B7DE-0C42F1C881E3} = {86886F15-9B87-4CF4-A8A4-532723A6D957}
		{D8FBFD74-080D-4E0A-B784-1C36F89D9FCB} = {DC4CFB32-214A-45C4-9869-AAE24F58B426}
		{A75D394C-D645-4CE1-98F3-5C72BB35D90A} = {28889D3D-8D7A-4BA5-821C-4E80422F4639}
		{31D67924-D82F-4697-A936-AC95ED3E2EC4} = {91B57EFD-AB99-436B-A453-5A9428BD9801}
		{9329AF5C-D36D-4E05-921D-39FB2BAFE547} = {758C89ED-6F5D-48A2-A951-E3E9254B59DE}
		{7663DAEE-0061-429C-924D-0EAAEB6F1D94} = {54B6C37A-615C-4BB6-8508-16A9CE6B1562}
		{2305933F-4779-40BB-AF51-D467C54A7208} = {976AC836-6421-4654-A609-A68AD785EA20}
	EndGlobalSection
	GlobalSection(ExtensibilityGlobals) = postSolution
		SolutionGuid = {480881E6-C801-4C5A-8AF5-171D053F011F}
	EndGlobalSection
EndGlobal
